// !$*UTF8*$!
{
	archiveVersion = 1;
	classes = {
	};
	objectVersion = 46;
	objects = {

/* Begin PBXBuildFile section */
		D71B08C71EAF984E006FE87C /* AppDelegate.swift in Sources */ = {isa = PBXBuildFile; fileRef = D71B08C61EAF984E006FE87C /* AppDelegate.swift */; };
		D71B08C91EAF984E006FE87C /* ViewController.swift in Sources */ = {isa = PBXBuildFile; fileRef = D71B08C81EAF984E006FE87C /* ViewController.swift */; };
		D71B08CC1EAF984E006FE87C /* Main.storyboard in Resources */ = {isa = PBXBuildFile; fileRef = D71B08CA1EAF984E006FE87C /* Main.storyboard */; };
		D71B08CE1EAF984E006FE87C /* Assets.xcassets in Resources */ = {isa = PBXBuildFile; fileRef = D71B08CD1EAF984E006FE87C /* Assets.xcassets */; };
		D71B08D11EAF984E006FE87C /* LaunchScreen.storyboard in Resources */ = {isa = PBXBuildFile; fileRef = D71B08CF1EAF984E006FE87C /* LaunchScreen.storyboard */; };
		D7EE15AA1EB249C600030F3F /* ChemViewController.swift in Sources */ = {isa = PBXBuildFile; fileRef = D7EE15A91EB249C600030F3F /* ChemViewController.swift */; };
		D7F6785B1EB38AF100AF1BD2 /* HomePageViewController.swift in Sources */ = {isa = PBXBuildFile; fileRef = D7F6785A1EB38AF100AF1BD2 /* HomePageViewController.swift */; };
		D7F6785D1EB38B3C00AF1BD2 /* EquationViewController.swift in Sources */ = {isa = PBXBuildFile; fileRef = D7F6785C1EB38B3C00AF1BD2 /* EquationViewController.swift */; };
		D7F6785F1EB38B7100AF1BD2 /* EquationProfileViewController.swift in Sources */ = {isa = PBXBuildFile; fileRef = D7F6785E1EB38B7100AF1BD2 /* EquationProfileViewController.swift */; };
		D7F678611EB38BBC00AF1BD2 /* ElementProfileViewController.swift in Sources */ = {isa = PBXBuildFile; fileRef = D7F678601EB38BBC00AF1BD2 /* ElementProfileViewController.swift */; };
		D7FE76681EB24A7F00CE7BC3 /* classFile.swift in Sources */ = {isa = PBXBuildFile; fileRef = D7FE76671EB24A7F00CE7BC3 /* classFile.swift */; };
/* End PBXBuildFile section */

/* Begin PBXFileReference section */
		D71B08C31EAF984E006FE87C /* MobileAppsFinal.app */ = {isa = PBXFileReference; explicitFileType = wrapper.application; includeInIndex = 0; path = MobileAppsFinal.app; sourceTree = BUILT_PRODUCTS_DIR; };
		D71B08C61EAF984E006FE87C /* AppDelegate.swift */ = {isa = PBXFileReference; lastKnownFileType = sourcecode.swift; path = AppDelegate.swift; sourceTree = "<group>"; };
		D71B08C81EAF984E006FE87C /* ViewController.swift */ = {isa = PBXFileReference; lastKnownFileType = sourcecode.swift; path = ViewController.swift; sourceTree = "<group>"; };
		D71B08CB1EAF984E006FE87C /* Base */ = {isa = PBXFileReference; lastKnownFileType = file.storyboard; name = Base; path = Base.lproj/Main.storyboard; sourceTree = "<group>"; };
		D71B08CD1EAF984E006FE87C /* Assets.xcassets */ = {isa = PBXFileReference; lastKnownFileType = folder.assetcatalog; path = Assets.xcassets; sourceTree = "<group>"; };
		D71B08D01EAF984E006FE87C /* Base */ = {isa = PBXFileReference; lastKnownFileType = file.storyboard; name = Base; path = Base.lproj/LaunchScreen.storyboard; sourceTree = "<group>"; };
		D71B08D21EAF984E006FE87C /* Info.plist */ = {isa = PBXFileReference; lastKnownFileType = text.plist.xml; path = Info.plist; sourceTree = "<group>"; };
		D7EE15A91EB249C600030F3F /* ChemViewController.swift */ = {isa = PBXFileReference; fileEncoding = 4; lastKnownFileType = sourcecode.swift; path = ChemViewController.swift; sourceTree = "<group>"; };
		D7F6785A1EB38AF100AF1BD2 /* HomePageViewController.swift */ = {isa = PBXFileReference; fileEncoding = 4; lastKnownFileType = sourcecode.swift; path = HomePageViewController.swift; sourceTree = "<group>"; };
		D7F6785C1EB38B3C00AF1BD2 /* EquationViewController.swift */ = {isa = PBXFileReference; fileEncoding = 4; lastKnownFileType = sourcecode.swift; path = EquationViewController.swift; sourceTree = "<group>"; };
		D7F6785E1EB38B7100AF1BD2 /* EquationProfileViewController.swift */ = {isa = PBXFileReference; fileEncoding = 4; lastKnownFileType = sourcecode.swift; path = EquationProfileViewController.swift; sourceTree = "<group>"; };
		D7F678601EB38BBC00AF1BD2 /* ElementProfileViewController.swift */ = {isa = PBXFileReference; fileEncoding = 4; lastKnownFileType = sourcecode.swift; path = ElementProfileViewController.swift; sourceTree = "<group>"; };
		D7FE76671EB24A7F00CE7BC3 /* classFile.swift */ = {isa = PBXFileReference; fileEncoding = 4; lastKnownFileType = sourcecode.swift; name = classFile.swift; path = ../classFile.swift; sourceTree = "<group>"; };
/* End PBXFileReference section */

/* Begin PBXFrameworksBuildPhase section */
		D71B08C01EAF984E006FE87C /* Frameworks */ = {
			isa = PBXFrameworksBuildPhase;
			buildActionMask = 2147483647;
			files = (
			);
			runOnlyForDeploymentPostprocessing = 0;
		};
/* End PBXFrameworksBuildPhase section */

/* Begin PBXGroup section */
		D71B08BA1EAF984D006FE87C = {
			isa = PBXGroup;
			children = (
				D71B08C51EAF984E006FE87C /* MobileAppsFinal */,
				D71B08C41EAF984E006FE87C /* Products */,
			);
			sourceTree = "<group>";
		};
		D71B08C41EAF984E006FE87C /* Products */ = {
			isa = PBXGroup;
			children = (
				D71B08C31EAF984E006FE87C /* MobileAppsFinal.app */,
			);
			name = Products;
			sourceTree = "<group>";
		};
		D71B08C51EAF984E006FE87C /* MobileAppsFinal */ = {
			isa = PBXGroup;
			children = (
				D71B08C61EAF984E006FE87C /* AppDelegate.swift */,
				D7FE76671EB24A7F00CE7BC3 /* classFile.swift */,
				D71B08CA1EAF984E006FE87C /* Main.storyboard */,
				D71B08C81EAF984E006FE87C /* ViewController.swift */,
				D7F6785A1EB38AF100AF1BD2 /* HomePageViewController.swift */,
				D7EE15A91EB249C600030F3F /* ChemViewController.swift */,
				D7F678601EB38BBC00AF1BD2 /* ElementProfileViewController.swift */,
				D7F6785C1EB38B3C00AF1BD2 /* EquationViewController.swift */,
				D7F6785E1EB38B7100AF1BD2 /* EquationProfileViewController.swift */,
				D71B08CD1EAF984E006FE87C /* Assets.xcassets */,
				D71B08CF1EAF984E006FE87C /* LaunchScreen.storyboard */,
				D71B08D21EAF984E006FE87C /* Info.plist */,
			);
			path = MobileAppsFinal;
			sourceTree = "<group>";
		};
/* End PBXGroup section */

/* Begin PBXNativeTarget section */
		D71B08C21EAF984E006FE87C /* MobileAppsFinal */ = {
			isa = PBXNativeTarget;
			buildConfigurationList = D71B08D51EAF984E006FE87C /* Build configuration list for PBXNativeTarget "MobileAppsFinal" */;
			buildPhases = (
				D71B08BF1EAF984E006FE87C /* Sources */,
				D71B08C01EAF984E006FE87C /* Frameworks */,
				D71B08C11EAF984E006FE87C /* Resources */,
			);
			buildRules = (
			);
			dependencies = (
			);
			name = MobileAppsFinal;
			productName = MobileAppsFinal;
			productReference = D71B08C31EAF984E006FE87C /* MobileAppsFinal.app */;
			productType = "com.apple.product-type.application";
		};
/* End PBXNativeTarget section */

/* Begin PBXProject section */
		D71B08BB1EAF984D006FE87C /* Project object */ = {
			isa = PBXProject;
			attributes = {
				LastSwiftUpdateCheck = 0830;
				LastUpgradeCheck = 0830;
				ORGANIZATIONNAME = "John Hersey High School";
				TargetAttributes = {
					D71B08C21EAF984E006FE87C = {
						CreatedOnToolsVersion = 8.3.2;
						DevelopmentTeam = P4GZSL9EDQ;
						ProvisioningStyle = Automatic;
					};
				};
			};
			buildConfigurationList = D71B08BE1EAF984D006FE87C /* Build configuration list for PBXProject "MobileAppsFinal" */;
			compatibilityVersion = "Xcode 3.2";
			developmentRegion = English;
			hasScannedForEncodings = 0;
			knownRegions = (
				en,
				Base,
			);
			mainGroup = D71B08BA1EAF984D006FE87C;
			productRefGroup = D71B08C41EAF984E006FE87C /* Products */;
			projectDirPath = "";
			projectRoot = "";
			targets = (
				D71B08C21EAF984E006FE87C /* MobileAppsFinal */,
			);
		};
/* End PBXProject section */

/* Begin PBXResourcesBuildPhase section */
		D71B08C11EAF984E006FE87C /* Resources */ = {
			isa = PBXResourcesBuildPhase;
			buildActionMask = 2147483647;
			files = (
				D71B08D11EAF984E006FE87C /* LaunchScreen.storyboard in Resources */,
				D71B08CE1EAF984E006FE87C /* Assets.xcassets in Resources */,
				D71B08CC1EAF984E006FE87C /* Main.storyboard in Resources */,
			);
			runOnlyForDeploymentPostprocessing = 0;
		};
/* End PBXResourcesBuildPhase section */

/* Begin PBXSourcesBuildPhase section */
		D71B08BF1EAF984E006FE87C /* Sources */ = {
			isa = PBXSourcesBuildPhase;
			buildActionMask = 2147483647;
			files = (
				D7F6785D1EB38B3C00AF1BD2 /* EquationViewController.swift in Sources */,
				D7FE76681EB24A7F00CE7BC3 /* classFile.swift in Sources */,
				D7EE15AA1EB249C600030F3F /* ChemViewController.swift in Sources */,
				D7F678611EB38BBC00AF1BD2 /* ElementProfileViewController.swift in Sources */,
				D71B08C91EAF984E006FE87C /* ViewController.swift in Sources */,
				D7F6785B1EB38AF100AF1BD2 /* HomePageViewController.swift in Sources */,
				D7F6785F1EB38B7100AF1BD2 /* EquationProfileViewController.swift in Sources */,
				D71B08C71EAF984E006FE87C /* AppDelegate.swift in Sources */,
			);
			runOnlyForDeploymentPostprocessing = 0;
		};
/* End PBXSourcesBuildPhase section */

/* Begin PBXVariantGroup section */
		D71B08CA1EAF984E006FE87C /* Main.storyboard */ = {
			isa = PBXVariantGroup;
			children = (
				D71B08CB1EAF984E006FE87C /* Base */,
			);
			name = Main.storyboard;
			sourceTree = "<group>";
		};
		D71B08CF1EAF984E006FE87C /* LaunchScreen.storyboard */ = {
			isa = PBXVariantGroup;
			children = (
				D71B08D01EAF984E006FE87C /* Base */,
			);
			name = LaunchScreen.storyboard;
			sourceTree = "<group>";
		};
/* End PBXVariantGroup section */

/* Begin XCBuildConfiguration section */
		D71B08D31EAF984E006FE87C /* Debug */ = {
			isa = XCBuildConfiguration;
			buildSettings = {
				ALWAYS_SEARCH_USER_PATHS = NO;
				CLANG_ANALYZER_NONNULL = YES;
				CLANG_ANALYZER_NUMBER_OBJECT_CONVERSION = YES_AGGRESSIVE;
				CLANG_CXX_LANGUAGE_STANDARD = "gnu++0x";
				CLANG_CXX_LIBRARY = "libc++";
				CLANG_ENABLE_MODULES = YES;
				CLANG_ENABLE_OBJC_ARC = YES;
				CLANG_WARN_BOOL_CONVERSION = YES;
				CLANG_WARN_CONSTANT_CONVERSION = YES;
				CLANG_WARN_DIRECT_OBJC_ISA_USAGE = YES_ERROR;
				CLANG_WARN_DOCUMENTATION_COMMENTS = YES;
				CLANG_WARN_EMPTY_BODY = YES;
				CLANG_WARN_ENUM_CONVERSION = YES;
				CLANG_WARN_INFINITE_RECURSION = YES;
				CLANG_WARN_INT_CONVERSION = YES;
				CLANG_WARN_OBJC_ROOT_CLASS = YES_ERROR;
				CLANG_WARN_SUSPICIOUS_MOVE = YES;
				CLANG_WARN_UNREACHABLE_CODE = YES;
				CLANG_WARN__DUPLICATE_METHOD_MATCH = YES;
				"CODE_SIGN_IDENTITY[sdk=iphoneos*]" = "iPhone Developer";
				COPY_PHASE_STRIP = NO;
				DEBUG_INFORMATION_FORMAT = dwarf;
				ENABLE_STRICT_OBJC_MSGSEND = YES;
				ENABLE_TESTABILITY = YES;
				GCC_C_LANGUAGE_STANDARD = gnu99;
				GCC_DYNAMIC_NO_PIC = NO;
				GCC_NO_COMMON_BLOCKS = YES;
				GCC_OPTIMIZATION_LEVEL = 0;
				GCC_PREPROCESSOR_DEFINITIONS = (
					"DEBUG=1",
					"$(inherited)",
				);
				GCC_WARN_64_TO_32_BIT_CONVERSION = YES;
				GCC_WARN_ABOUT_RETURN_TYPE = YES_ERROR;
				GCC_WARN_UNDECLARED_SELECTOR = YES;
				GCC_WARN_UNINITIALIZED_AUTOS = YES_AGGRESSIVE;
				GCC_WARN_UNUSED_FUNCTION = YES;
				GCC_WARN_UNUSED_VARIABLE = YES;
				IPHONEOS_DEPLOYMENT_TARGET = 10.3;
				MTL_ENABLE_DEBUG_INFO = YES;
				ONLY_ACTIVE_ARCH = YES;
				SDKROOT = iphoneos;
				SWIFT_ACTIVE_COMPILATION_CONDITIONS = DEBUG;
				SWIFT_OPTIMIZATION_LEVEL = "-Onone";
				TARGETED_DEVICE_FAMILY = "1,2";
			};
			name = Debug;
		};
		D71B08D41EAF984E006FE87C /* Release */ = {
			isa = XCBuildConfiguration;
			buildSettings = {
				ALWAYS_SEARCH_USER_PATHS = NO;
				CLANG_ANALYZER_NONNULL = YES;
				CLANG_ANALYZER_NUMBER_OBJECT_CONVERSION = YES_AGGRESSIVE;
				CLANG_CXX_LANGUAGE_STANDARD = "gnu++0x";
				CLANG_CXX_LIBRARY = "libc++";
				CLANG_ENABLE_MODULES = YES;
				CLANG_ENABLE_OBJC_ARC = YES;
				CLANG_WARN_BOOL_CONVERSION = YES;
				CLANG_WARN_CONSTANT_CONVERSION = YES;
				CLANG_WARN_DIRECT_OBJC_ISA_USAGE = YES_ERROR;
				CLANG_WARN_DOCUMENTATION_COMMENTS = YES;
				CLANG_WARN_EMPTY_BODY = YES;
				CLANG_WARN_ENUM_CONVERSION = YES;
				CLANG_WARN_INFINITE_RECURSION = YES;
				CLANG_WARN_INT_CONVERSION = YES;
				CLANG_WARN_OBJC_ROOT_CLASS = YES_ERROR;
				CLANG_WARN_SUSPICIOUS_MOVE = YES;
				CLANG_WARN_UNREACHABLE_CODE = YES;
				CLANG_WARN__DUPLICATE_METHOD_MATCH = YES;
				"CODE_SIGN_IDENTITY[sdk=iphoneos*]" = "iPhone Developer";
				COPY_PHASE_STRIP = NO;
				DEBUG_INFORMATION_FORMAT = "dwarf-with-dsym";
				ENABLE_NS_ASSERTIONS = NO;
				ENABLE_STRICT_OBJC_MSGSEND = YES;
				GCC_C_LANGUAGE_STANDARD = gnu99;
				GCC_NO_COMMON_BLOCKS = YES;
				GCC_WARN_64_TO_32_BIT_CONVERSION = YES;
				GCC_WARN_ABOUT_RETURN_TYPE = YES_ERROR;
				GCC_WARN_UNDECLARED_SELECTOR = YES;
				GCC_WARN_UNINITIALIZED_AUTOS = YES_AGGRESSIVE;
				GCC_WARN_UNUSED_FUNCTION = YES;
				GCC_WARN_UNUSED_VARIABLE = YES;
				IPHONEOS_DEPLOYMENT_TARGET = 10.3;
				MTL_ENABLE_DEBUG_INFO = NO;
				SDKROOT = iphoneos;
				SWIFT_OPTIMIZATION_LEVEL = "-Owholemodule";
				TARGETED_DEVICE_FAMILY = "1,2";
				VALIDATE_PRODUCT = YES;
			};
			name = Release;
		};
		D71B08D61EAF984E006FE87C /* Debug */ = {
			isa = XCBuildConfiguration;
			buildSettings = {
				ASSETCATALOG_COMPILER_APPICON_NAME = AppIcon;
				DEVELOPMENT_TEAM = THDDE27XR6;
				INFOPLIST_FILE = MobileAppsFinal/Info.plist;
				LD_RUNPATH_SEARCH_PATHS = "$(inherited) @executable_path/Frameworks";
				PRODUCT_BUNDLE_IDENTIFIER = org.jhhs.617025.MobileAppsFinal2678;
				PRODUCT_NAME = "$(TARGET_NAME)";
				SWIFT_VERSION = 3.0;
			};
			name = Debug;
		};
		D71B08D71EAF984E006FE87C /* Release */ = {
			isa = XCBuildConfiguration;
			buildSettings = {
				ASSETCATALOG_COMPILER_APPICON_NAME = AppIcon;
				DEVELOPMENT_TEAM = THDDE27XR6;
				INFOPLIST_FILE = MobileAppsFinal/Info.plist;
				LD_RUNPATH_SEARCH_PATHS = "$(inherited) @executable_path/Frameworks";
				PRODUCT_BUNDLE_IDENTIFIER = org.jhhs.617025.MobileAppsFinal2678;
				PRODUCT_NAME = "$(TARGET_NAME)";
				SWIFT_VERSION = 3.0;
			};
			name = Release;
		};
/* End XCBuildConfiguration section */

/* Begin XCConfigurationList section */
		D71B08BE1EAF984D006FE87C /* Build configuration list for PBXProject "MobileAppsFinal" */ = {
			isa = XCConfigurationList;
			buildConfigurations = (
				D71B08D31EAF984E006FE87C /* Debug */,
				D71B08D41EAF984E006FE87C /* Release */,
			);
			defaultConfigurationIsVisible = 0;
			defaultConfigurationName = Release;
		};
		D71B08D51EAF984E006FE87C /* Build configuration list for PBXNativeTarget "MobileAppsFinal" */ = {
			isa = XCConfigurationList;
			buildConfigurations = (
				D71B08D61EAF984E006FE87C /* Debug */,
				D71B08D71EAF984E006FE87C /* Release */,
			);
			defaultConfigurationIsVisible = 0;
			defaultConfigurationName = Release;
		};
/* End XCConfigurationList section */
	};
	rootObject = D71B08BB1EAF984D006FE87C /* Project object */;
}
